
Microsoft Visual Studio Solution File, Format Version 12.00
# Visual Studio Version 16
VisualStudioVersion = 16.0.30804.86
MinimumVisualStudioVersion = 10.0.40219.1
Project("{9A19103F-16F7-4668-BE54-9A1E7A4F7556}") = "VagabondK.Modbus", "VagabondK.Modbus\VagabondK.Modbus.csproj", "{EC5D6C5E-20D5-41E3-AEBB-ED57AD00AF66}"
EndProject
Project("{2150E333-8FDC-42A3-9474-1A3956D46DE8}") = "Samples", "Samples", "{FF0B35BA-D075-4995-BA2D-00467427EF9C}"
EndProject
Project("{9A19103F-16F7-4668-BE54-9A1E7A4F7556}") = "SimpleModbusMaster", "Samples\SimpleModbusMaster\SimpleModbusMaster.csproj", "{DBA38D32-08D2-4294-87F6-4F5AB1E8C55C}"
EndProject
Project("{9A19103F-16F7-4668-BE54-9A1E7A4F7556}") = "SimpleModbusSlave", "Samples\SimpleModbusSlave\SimpleModbusSlave.csproj", "{900733B7-27B9-4543-A778-5ADA7D40FC58}"
EndProject
Project("{9A19103F-16F7-4668-BE54-9A1E7A4F7556}") = "VagabondK.Modbus.SerialPortChannel", "VagabondK.Modbus.SerialPortChannel\VagabondK.Modbus.SerialPortChannel.csproj", "{C37346A0-3F4A-40A9-B81F-4EFBF56AFEAF}"
EndProject
Project("{FAE04EC0-301F-11D3-BF4B-00C04F79EFBC}") = "VagabondK.Modbus.SerialPortChannel.UWP", "VagabondK.Modbus.SerialPortChannel.UWP\VagabondK.Modbus.SerialPortChannel.UWP.csproj", "{E56C0730-A9DA-4A6F-92CD-473F824860A6}"
EndProject
Project("{2150E333-8FDC-42A3-9474-1A3956D46DE8}") = "Solution Items", "Solution Items", "{994DF0FF-56F1-4DAF-961E-17700B837CAD}"
	ProjectSection(SolutionItems) = preProject
		VagabondK.Modbus.SerialPortChannel.nuspec = VagabondK.Modbus.SerialPortChannel.nuspec
	EndProjectSection
EndProject
Global
	GlobalSection(SolutionConfigurationPlatforms) = preSolution
		Debug|Any CPU = Debug|Any CPU
		Debug|ARM = Debug|ARM
		Debug|ARM64 = Debug|ARM64
		Debug|x64 = Debug|x64
		Debug|x86 = Debug|x86
		Release|Any CPU = Release|Any CPU
		Release|ARM = Release|ARM
		Release|ARM64 = Release|ARM64
		Release|x64 = Release|x64
		Release|x86 = Release|x86
	EndGlobalSection
	GlobalSection(ProjectConfigurationPlatforms) = postSolution
		{EC5D6C5E-20D5-41E3-AEBB-ED57AD00AF66}.Debug|Any CPU.ActiveCfg = Debug|Any CPU
		{EC5D6C5E-20D5-41E3-AEBB-ED57AD00AF66}.Debug|Any CPU.Build.0 = Debug|Any CPU
		{EC5D6C5E-20D5-41E3-AEBB-ED57AD00AF66}.Debug|ARM.ActiveCfg = Debug|Any CPU
		{EC5D6C5E-20D5-41E3-AEBB-ED57AD00AF66}.Debug|ARM.Build.0 = Debug|Any CPU
		{EC5D6C5E-20D5-41E3-AEBB-ED57AD00AF66}.Debug|ARM64.ActiveCfg = Debug|Any CPU
		{EC5D6C5E-20D5-41E3-AEBB-ED57AD00AF66}.Debug|ARM64.Build.0 = Debug|Any CPU
		{EC5D6C5E-20D5-41E3-AEBB-ED57AD00AF66}.Debug|x64.ActiveCfg = Debug|Any CPU
		{EC5D6C5E-20D5-41E3-AEBB-ED57AD00AF66}.Debug|x64.Build.0 = Debug|Any CPU
		{EC5D6C5E-20D5-41E3-AEBB-ED57AD00AF66}.Debug|x86.ActiveCfg = Debug|Any CPU
		{EC5D6C5E-20D5-41E3-AEBB-ED57AD00AF66}.Debug|x86.Build.0 = Debug|Any CPU
		{EC5D6C5E-20D5-41E3-AEBB-ED57AD00AF66}.Release|Any CPU.ActiveCfg = Release|Any CPU
		{EC5D6C5E-20D5-41E3-AEBB-ED57AD00AF66}.Release|Any CPU.Build.0 = Release|Any CPU
		{EC5D6C5E-20D5-41E3-AEBB-ED57AD00AF66}.Release|ARM.ActiveCfg = Release|Any CPU
		{EC5D6C5E-20D5-41E3-AEBB-ED57AD00AF66}.Release|ARM.Build.0 = Release|Any CPU
		{EC5D6C5E-20D5-41E3-AEBB-ED57AD00AF66}.Release|ARM64.ActiveCfg = Release|Any CPU
		{EC5D6C5E-20D5-41E3-AEBB-ED57AD00AF66}.Release|ARM64.Build.0 = Release|Any CPU
		{EC5D6C5E-20D5-41E3-AEBB-ED57AD00AF66}.Release|x64.ActiveCfg = Release|Any CPU
		{EC5D6C5E-20D5-41E3-AEBB-ED57AD00AF66}.Release|x64.Build.0 = Release|Any CPU
		{EC5D6C5E-20D5-41E3-AEBB-ED57AD00AF66}.Release|x86.ActiveCfg = Release|Any CPU
		{EC5D6C5E-20D5-41E3-AEBB-ED57AD00AF66}.Release|x86.Build.0 = Release|Any CPU
		{DBA38D32-08D2-4294-87F6-4F5AB1E8C55C}.Debug|Any CPU.ActiveCfg = Debug|Any CPU
		{DBA38D32-08D2-4294-87F6-4F5AB1E8C55C}.Debug|Any CPU.Build.0 = Debug|Any CPU
		{DBA38D32-08D2-4294-87F6-4F5AB1E8C55C}.Debug|ARM.ActiveCfg = Debug|Any CPU
		{DBA38D32-08D2-4294-87F6-4F5AB1E8C55C}.Debug|ARM.Build.0 = Debug|Any CPU
		{DBA38D32-08D2-4294-87F6-4F5AB1E8C55C}.Debug|ARM64.ActiveCfg = Debug|Any CPU
		{DBA38D32-08D2-4294-87F6-4F5AB1E8C55C}.Debug|ARM64.Build.0 = Debug|Any CPU
		{DBA38D32-08D2-4294-87F6-4F5AB1E8C55C}.Debug|x64.ActiveCfg = Debug|Any CPU
		{DBA38D32-08D2-4294-87F6-4F5AB1E8C55C}.Debug|x64.Build.0 = Debug|Any CPU
		{DBA38D32-08D2-4294-87F6-4F5AB1E8C55C}.Debug|x86.ActiveCfg = Debug|Any CPU
		{DBA38D32-08D2-4294-87F6-4F5AB1E8C55C}.Debug|x86.Build.0 = Debug|Any CPU
		{DBA38D32-08D2-4294-87F6-4F5AB1E8C55C}.Release|Any CPU.ActiveCfg = Release|Any CPU
		{DBA38D32-08D2-4294-87F6-4F5AB1E8C55C}.Release|Any CPU.Build.0 = Release|Any CPU
		{DBA38D32-08D2-4294-87F6-4F5AB1E8C55C}.Release|ARM.ActiveCfg = Release|Any CPU
		{DBA38D32-08D2-4294-87F6-4F5AB1E8C55C}.Release|ARM.Build.0 = Release|Any CPU
		{DBA38D32-08D2-4294-87F6-4F5AB1E8C55C}.Release|ARM64.ActiveCfg = Release|Any CPU
		{DBA38D32-08D2-4294-87F6-4F5AB1E8C55C}.Release|ARM64.Build.0 = Release|Any CPU
		{DBA38D32-08D2-4294-87F6-4F5AB1E8C55C}.Release|x64.ActiveCfg = Release|Any CPU
		{DBA38D32-08D2-4294-87F6-4F5AB1E8C55C}.Release|x64.Build.0 = Release|Any CPU
		{DBA38D32-08D2-4294-87F6-4F5AB1E8C55C}.Release|x86.ActiveCfg = Release|Any CPU
		{DBA38D32-08D2-4294-87F6-4F5AB1E8C55C}.Release|x86.Build.0 = Release|Any CPU
		{900733B7-27B9-4543-A778-5ADA7D40FC58}.Debug|Any CPU.ActiveCfg = Debug|Any CPU
		{900733B7-27B9-4543-A778-5ADA7D40FC58}.Debug|Any CPU.Build.0 = Debug|Any CPU
		{900733B7-27B9-4543-A778-5ADA7D40FC58}.Debug|ARM.ActiveCfg = Debug|Any CPU
		{900733B7-27B9-4543-A778-5ADA7D40FC58}.Debug|ARM.Build.0 = Debug|Any CPU
		{900733B7-27B9-4543-A778-5ADA7D40FC58}.Debug|ARM64.ActiveCfg = Debug|Any CPU
		{900733B7-27B9-4543-A778-5ADA7D40FC58}.Debug|ARM64.Build.0 = Debug|Any CPU
		{900733B7-27B9-4543-A778-5ADA7D40FC58}.Debug|x64.ActiveCfg = Debug|Any CPU
		{900733B7-27B9-4543-A778-5ADA7D40FC58}.Debug|x64.Build.0 = Debug|Any CPU
		{900733B7-27B9-4543-A778-5ADA7D40FC58}.Debug|x86.ActiveCfg = Debug|Any CPU
		{900733B7-27B9-4543-A778-5ADA7D40FC58}.Debug|x86.Build.0 = Debug|Any CPU
		{900733B7-27B9-4543-A778-5ADA7D40FC58}.Release|Any CPU.ActiveCfg = Release|Any CPU
		{900733B7-27B9-4543-A778-5ADA7D40FC58}.Release|Any CPU.Build.0 = Release|Any CPU
		{900733B7-27B9-4543-A778-5ADA7D40FC58}.Release|ARM.ActiveCfg = Release|Any CPU
		{900733B7-27B9-4543-A778-5ADA7D40FC58}.Release|ARM.Build.0 = Release|Any CPU
		{900733B7-27B9-4543-A778-5ADA7D40FC58}.Release|ARM64.ActiveCfg = Release|Any CPU
		{900733B7-27B9-4543-A778-5ADA7D40FC58}.Release|ARM64.Build.0 = Release|Any CPU
		{900733B7-27B9-4543-A778-5ADA7D40FC58}.Release|x64.ActiveCfg = Release|Any CPU
		{900733B7-27B9-4543-A778-5ADA7D40FC58}.Release|x64.Build.0 = Release|Any CPU
		{900733B7-27B9-4543-A778-5ADA7D40FC58}.Release|x86.ActiveCfg = Release|Any CPU
		{900733B7-27B9-4543-A778-5ADA7D40FC58}.Release|x86.Build.0 = Release|Any CPU
		{C37346A0-3F4A-40A9-B81F-4EFBF56AFEAF}.Debug|Any CPU.ActiveCfg = Debug|Any CPU
		{C37346A0-3F4A-40A9-B81F-4EFBF56AFEAF}.Debug|Any CPU.Build.0 = Debug|Any CPU
		{C37346A0-3F4A-40A9-B81F-4EFBF56AFEAF}.Debug|ARM.ActiveCfg = Debug|Any CPU
		{C37346A0-3F4A-40A9-B81F-4EFBF56AFEAF}.Debug|ARM.Build.0 = Debug|Any CPU
		{C37346A0-3F4A-40A9-B81F-4EFBF56AFEAF}.Debug|ARM64.ActiveCfg = Debug|Any CPU
		{C37346A0-3F4A-40A9-B81F-4EFBF56AFEAF}.Debug|ARM64.Build.0 = Debug|Any CPU
		{C37346A0-3F4A-40A9-B81F-4EFBF56AFEAF}.Debug|x64.ActiveCfg = Debug|Any CPU
		{C37346A0-3F4A-40A9-B81F-4EFBF56AFEAF}.Debug|x64.Build.0 = Debug|Any CPU
		{C37346A0-3F4A-40A9-B81F-4EFBF56AFEAF}.Debug|x86.ActiveCfg = Debug|Any CPU
		{C37346A0-3F4A-40A9-B81F-4EFBF56AFEAF}.Debug|x86.Build.0 = Debug|Any CPU
		{C37346A0-3F4A-40A9-B81F-4EFBF56AFEAF}.Release|Any CPU.ActiveCfg = Release|Any CPU
		{C37346A0-3F4A-40A9-B81F-4EFBF56AFEAF}.Release|Any CPU.Build.0 = Release|Any CPU
		{C37346A0-3F4A-40A9-B81F-4EFBF56AFEAF}.Release|ARM.ActiveCfg = Release|Any CPU
		{C37346A0-3F4A-40A9-B81F-4EFBF56AFEAF}.Release|ARM.Build.0 = Release|Any CPU
		{C37346A0-3F4A-40A9-B81F-4EFBF56AFEAF}.Release|ARM64.ActiveCfg = Release|Any CPU
		{C37346A0-3F4A-40A9-B81F-4EFBF56AFEAF}.Release|ARM64.Build.0 = Release|Any CPU
		{C37346A0-3F4A-40A9-B81F-4EFBF56AFEAF}.Release|x64.ActiveCfg = Release|Any CPU
		{C37346A0-3F4A-40A9-B81F-4EFBF56AFEAF}.Release|x64.Build.0 = Release|Any CPU
		{C37346A0-3F4A-40A9-B81F-4EFBF56AFEAF}.Release|x86.ActiveCfg = Release|Any CPU
		{C37346A0-3F4A-40A9-B81F-4EFBF56AFEAF}.Release|x86.Build.0 = Release|Any CPU
		{E56C0730-A9DA-4A6F-92CD-473F824860A6}.Debug|Any CPU.ActiveCfg = Debug|Any CPU
		{E56C0730-A9DA-4A6F-92CD-473F824860A6}.Debug|Any CPU.Build.0 = Debug|Any CPU
		{E56C0730-A9DA-4A6F-92CD-473F824860A6}.Debug|ARM.ActiveCfg = Debug|ARM
		{E56C0730-A9DA-4A6F-92CD-473F824860A6}.Debug|ARM.Build.0 = Debug|ARM
		{E56C0730-A9DA-4A6F-92CD-473F824860A6}.Debug|ARM64.ActiveCfg = Debug|ARM64
		{E56C0730-A9DA-4A6F-92CD-473F824860A6}.Debug|ARM64.Build.0 = Debug|ARM64
		{E56C0730-A9DA-4A6F-92CD-473F824860A6}.Debug|x64.ActiveCfg = Debug|x64
		{E56C0730-A9DA-4A6F-92CD-473F824860A6}.Debug|x64.Build.0 = Debug|x64
		{E56C0730-A9DA-4A6F-92CD-473F824860A6}.Debug|x86.ActiveCfg = Debug|x86
		{E56C0730-A9DA-4A6F-92CD-473F824860A6}.Debug|x86.Build.0 = Debug|x86
		{E56C0730-A9DA-4A6F-92CD-473F824860A6}.Release|Any CPU.ActiveCfg = Release|Any CPU
		{E56C0730-A9DA-4A6F-92CD-473F824860A6}.Release|Any CPU.Build.0 = Release|Any CPU
		{E56C0730-A9DA-4A6F-92CD-473F824860A6}.Release|ARM.ActiveCfg = Release|ARM
		{E56C0730-A9DA-4A6F-92CD-473F824860A6}.Release|ARM.Build.0 = Release|ARM
		{E56C0730-A9DA-4A6F-92CD-473F824860A6}.Release|ARM64.ActiveCfg = Release|ARM64
		{E56C0730-A9DA-4A6F-92CD-473F824860A6}.Release|ARM64.Build.0 = Release|ARM64
		{E56C0730-A9DA-4A6F-92CD-473F824860A6}.Release|x64.ActiveCfg = Release|x64
		{E56C0730-A9DA-4A6F-92CD-473F824860A6}.Release|x64.Build.0 = Release|x64
		{E56C0730-A9DA-4A6F-92CD-473F824860A6}.Release|x86.ActiveCfg = Release|x86
		{E56C0730-A9DA-4A6F-92CD-473F824860A6}.Release|x86.Build.0 = Release|x86
	EndGlobalSection
	GlobalSection(SolutionProperties) = preSolution
		HideSolutionNode = FALSE
	EndGlobalSection
	GlobalSection(NestedProjects) = preSolution
		{DBA38D32-08D2-4294-87F6-4F5AB1E8C55C} = {FF0B35BA-D075-4995-BA2D-00467427EF9C}
		{900733B7-27B9-4543-A778-5ADA7D40FC58} = {FF0B35BA-D075-4995-BA2D-00467427EF9C}
	EndGlobalSection
	GlobalSection(ExtensibilityGlobals) = postSolution
		SolutionGuid = {FD4345E7-1160-4D6B-89F6-048FD166645C}
	EndGlobalSection
EndGlobal
